
Microsoft Visual Studio Solution File, Format Version 12.00
# Visual Studio 2012
Project("{FAE04EC0-301F-11D3-BF4B-00C04F79EFBC}") = "FoundationWPF", "FoundationWPF\FoundationWPF.csproj", "{502663D2-1467-43EE-88D2-5703454AD377}"
EndProject
Project("{FAE04EC0-301F-11D3-BF4B-00C04F79EFBC}") = "FoundationData", "FoundationData\FoundationData.csproj", "{D710363D-C265-485D-A4EC-AE8C2919D998}"
EndProject
Global
	GlobalSection(SolutionConfigurationPlatforms) = preSolution
		Debug|Any CPU = Debug|Any CPU
		Release|Any CPU = Release|Any CPU
	EndGlobalSection
	GlobalSection(ProjectConfigurationPlatforms) = postSolution
		{502663D2-1467-43EE-88D2-5703454AD377}.Debug|Any CPU.ActiveCfg = Debug|Any CPU
		{502663D2-1467-43EE-88D2-5703454AD377}.Debug|Any CPU.Build.0 = Debug|Any CPU
		{502663D2-1467-43EE-88D2-5703454AD377}.Release|Any CPU.ActiveCfg = Release|Any CPU
		{502663D2-1467-43EE-88D2-5703454AD377}.Release|Any CPU.Build.0 = Release|Any CPU
		{D710363D-C265-485D-A4EC-AE8C2919D998}.Debug|Any CPU.ActiveCfg = Debug|Any CPU
		{D710363D-C265-485D-A4EC-AE8C2919D998}.Debug|Any CPU.Build.0 = Debug|Any CPU
		{D710363D-C265-485D-A4EC-AE8C2919D998}.Release|Any CPU.ActiveCfg = Release|Any CPU
		{D710363D-C265-485D-A4EC-AE8C2919D998}.Release|Any CPU.Build.0 = Release|Any CPU
	EndGlobalSection
	GlobalSection(SolutionProperties) = preSolution
		HideSolutionNode = FALSE
	EndGlobalSection
EndGlobal
